<?xml version="1.0" encoding="UTF-8"?>
<!DOCTYPE plist PUBLIC "-//Apple//DTD PLIST 1.0//EN" "http://www.apple.com/DTDs/PropertyList-1.0.dtd">
<plist version="1.0">
<dict>
	<key>archiveVersion</key>
	<string>1</string>
	<key>classes</key>
	<dict/>
	<key>objectVersion</key>
	<string>46</string>
	<key>objects</key>
	<dict>
		<key>040CAC711D3C7AF9008C125B</key>
		<dict>
			<key>children</key>
			<array>
				<string>040CAC7C1D3C7AF9008C125B</string>
				<string>040CAC961D3C7AF9008C125B</string>
				<string>040CACA11D3C7AF9008C125B</string>
				<string>040CAC7B1D3C7AF9008C125B</string>
				<string>3F2DC9FFF472F92D1B7ADD71</string>
				<string>E4867F97FD6AC42AC49FD16C</string>
			</array>
			<key>isa</key>
			<string>PBXGroup</string>
			<key>sourceTree</key>
			<string>&lt;group&gt;</string>
		</dict>
		<key>040CAC721D3C7AF9008C125B</key>
		<dict>
			<key>attributes</key>
			<dict>
				<key>LastUpgradeCheck</key>
				<string>0730</string>
				<key>ORGANIZATIONNAME</key>
				<string>zhanghao</string>
				<key>TargetAttributes</key>
				<dict>
					<key>040CAC791D3C7AF9008C125B</key>
					<dict>
						<key>CreatedOnToolsVersion</key>
						<string>7.3.1</string>
					</dict>
					<key>040CAC921D3C7AF9008C125B</key>
					<dict>
						<key>CreatedOnToolsVersion</key>
						<string>7.3.1</string>
						<key>TestTargetID</key>
						<string>040CAC791D3C7AF9008C125B</string>
					</dict>
					<key>040CAC9D1D3C7AF9008C125B</key>
					<dict>
						<key>CreatedOnToolsVersion</key>
						<string>7.3.1</string>
						<key>TestTargetID</key>
						<string>040CAC791D3C7AF9008C125B</string>
					</dict>
				</dict>
			</dict>
			<key>buildConfigurationList</key>
			<string>040CAC751D3C7AF9008C125B</string>
			<key>compatibilityVersion</key>
			<string>Xcode 3.2</string>
			<key>developmentRegion</key>
			<string>English</string>
			<key>hasScannedForEncodings</key>
			<string>0</string>
			<key>isa</key>
			<string>PBXProject</string>
			<key>knownRegions</key>
			<array>
				<string>en</string>
				<string>Base</string>
			</array>
			<key>mainGroup</key>
			<string>040CAC711D3C7AF9008C125B</string>
			<key>productRefGroup</key>
			<string>040CAC7B1D3C7AF9008C125B</string>
			<key>projectDirPath</key>
			<string></string>
			<key>projectReferences</key>
			<array/>
			<key>projectRoot</key>
			<string></string>
			<key>targets</key>
			<array>
				<string>040CAC791D3C7AF9008C125B</string>
				<string>040CAC921D3C7AF9008C125B</string>
				<string>040CAC9D1D3C7AF9008C125B</string>
			</array>
		</dict>
		<key>040CAC751D3C7AF9008C125B</key>
		<dict>
			<key>buildConfigurations</key>
			<array>
				<string>040CACA51D3C7AF9008C125B</string>
				<string>040CACA61D3C7AF9008C125B</string>
			</array>
			<key>defaultConfigurationIsVisible</key>
			<string>0</string>
			<key>defaultConfigurationName</key>
			<string>Release</string>
			<key>isa</key>
			<string>XCConfigurationList</string>
		</dict>
		<key>040CAC761D3C7AF9008C125B</key>
		<dict>
			<key>buildActionMask</key>
			<string>2147483647</string>
			<key>files</key>
			<array>
				<string>040CAC851D3C7AF9008C125B</string>
				<string>040CACCE1D3D4889008C125B</string>
				<string>040CAC821D3C7AF9008C125B</string>
				<string>040CACBE1D3C7BA5008C125B</string>
				<string>040CACBF1D3C7BA5008C125B</string>
				<string>040CACBD1D3C7BA5008C125B</string>
				<string>040CACBC1D3C7BA5008C125B</string>
				<string>040CACBB1D3C7BA5008C125B</string>
				<string>040CAC7F1D3C7AF9008C125B</string>
			</array>
			<key>isa</key>
			<string>PBXSourcesBuildPhase</string>
			<key>runOnlyForDeploymentPostprocessing</key>
			<string>0</string>
		</dict>
		<key>040CAC771D3C7AF9008C125B</key>
		<dict>
			<key>buildActionMask</key>
			<string>2147483647</string>
			<key>files</key>
			<array>
				<string>CFE4E2C8950E76AA03EF97A3</string>
			</array>
			<key>isa</key>
			<string>PBXFrameworksBuildPhase</string>
			<key>runOnlyForDeploymentPostprocessing</key>
			<string>0</string>
		</dict>
		<key>040CAC781D3C7AF9008C125B</key>
		<dict>
			<key>buildActionMask</key>
			<string>2147483647</string>
			<key>files</key>
			<array>
				<string>040CAC8D1D3C7AF9008C125B</string>
				<string>040CAC8A1D3C7AF9008C125B</string>
				<string>040CAC881D3C7AF9008C125B</string>
			</array>
			<key>isa</key>
			<string>PBXResourcesBuildPhase</string>
			<key>runOnlyForDeploymentPostprocessing</key>
			<string>0</string>
		</dict>
		<key>040CAC791D3C7AF9008C125B</key>
		<dict>
			<key>buildConfigurationList</key>
			<string>040CACA71D3C7AF9008C125B</string>
			<key>buildPhases</key>
			<array>
				<string>72757209CFFD42610CA99D85</string>
				<string>040CAC761D3C7AF9008C125B</string>
				<string>040CAC771D3C7AF9008C125B</string>
				<string>040CAC781D3C7AF9008C125B</string>
				<string>6B576FB55614F5D58CF66136</string>
				<string>BFFDD6BD206935139024D78D</string>
			</array>
			<key>buildRules</key>
			<array/>
			<key>dependencies</key>
			<array/>
			<key>isa</key>
			<string>PBXNativeTarget</string>
			<key>name</key>
			<string>XMPhotoBrowser</string>
			<key>productName</key>
			<string>XMPhotoBrowser</string>
			<key>productReference</key>
			<string>040CAC7A1D3C7AF9008C125B</string>
			<key>productType</key>
			<string>com.apple.product-type.application</string>
		</dict>
		<key>040CAC7A1D3C7AF9008C125B</key>
		<dict>
			<key>explicitFileType</key>
			<string>wrapper.application</string>
			<key>includeInIndex</key>
			<string>0</string>
			<key>isa</key>
			<string>PBXFileReference</string>
			<key>path</key>
			<string>XMPhotoBrowser.app</string>
			<key>sourceTree</key>
			<string>BUILT_PRODUCTS_DIR</string>
		</dict>
		<key>040CAC7B1D3C7AF9008C125B</key>
		<dict>
			<key>children</key>
			<array>
				<string>040CAC7A1D3C7AF9008C125B</string>
				<string>040CAC931D3C7AF9008C125B</string>
				<string>040CAC9E1D3C7AF9008C125B</string>
			</array>
			<key>isa</key>
			<string>PBXGroup</string>
			<key>name</key>
			<string>Products</string>
			<key>sourceTree</key>
			<string>&lt;group&gt;</string>
		</dict>
		<key>040CAC7C1D3C7AF9008C125B</key>
		<dict>
			<key>children</key>
			<array>
				<string>040CACB01D3C7B21008C125B</string>
				<string>040CAC801D3C7AF9008C125B</string>
				<string>040CAC811D3C7AF9008C125B</string>
				<string>040CAC831D3C7AF9008C125B</string>
				<string>040CAC841D3C7AF9008C125B</string>
				<string>040CAC861D3C7AF9008C125B</string>
				<string>040CAC891D3C7AF9008C125B</string>
				<string>040CAC8B1D3C7AF9008C125B</string>
				<string>040CAC8E1D3C7AF9008C125B</string>
				<string>040CAC7D1D3C7AF9008C125B</string>
			</array>
			<key>isa</key>
			<string>PBXGroup</string>
			<key>path</key>
			<string>XMPhotoBrowser</string>
			<key>sourceTree</key>
			<string>&lt;group&gt;</string>
		</dict>
		<key>040CAC7D1D3C7AF9008C125B</key>
		<dict>
			<key>children</key>
			<array>
				<string>040CAC7E1D3C7AF9008C125B</string>
			</array>
			<key>isa</key>
			<string>PBXGroup</string>
			<key>name</key>
			<string>Supporting Files</string>
			<key>sourceTree</key>
			<string>&lt;group&gt;</string>
		</dict>
		<key>040CAC7E1D3C7AF9008C125B</key>
		<dict>
			<key>isa</key>
			<string>PBXFileReference</string>
			<key>lastKnownFileType</key>
			<string>sourcecode.c.objc</string>
			<key>path</key>
			<string>main.m</string>
			<key>sourceTree</key>
			<string>&lt;group&gt;</string>
		</dict>
		<key>040CAC7F1D3C7AF9008C125B</key>
		<dict>
			<key>fileRef</key>
			<string>040CAC7E1D3C7AF9008C125B</string>
			<key>isa</key>
			<string>PBXBuildFile</string>
		</dict>
		<key>040CAC801D3C7AF9008C125B</key>
		<dict>
			<key>isa</key>
			<string>PBXFileReference</string>
			<key>lastKnownFileType</key>
			<string>sourcecode.c.h</string>
			<key>path</key>
			<string>AppDelegate.h</string>
			<key>sourceTree</key>
			<string>&lt;group&gt;</string>
		</dict>
		<key>040CAC811D3C7AF9008C125B</key>
		<dict>
			<key>isa</key>
			<string>PBXFileReference</string>
			<key>lastKnownFileType</key>
			<string>sourcecode.c.objc</string>
			<key>path</key>
			<string>AppDelegate.m</string>
			<key>sourceTree</key>
			<string>&lt;group&gt;</string>
		</dict>
		<key>040CAC821D3C7AF9008C125B</key>
		<dict>
			<key>fileRef</key>
			<string>040CAC811D3C7AF9008C125B</string>
			<key>isa</key>
			<string>PBXBuildFile</string>
		</dict>
		<key>040CAC831D3C7AF9008C125B</key>
		<dict>
			<key>isa</key>
			<string>PBXFileReference</string>
			<key>lastKnownFileType</key>
			<string>sourcecode.c.h</string>
			<key>path</key>
			<string>ViewController.h</string>
			<key>sourceTree</key>
			<string>&lt;group&gt;</string>
		</dict>
		<key>040CAC841D3C7AF9008C125B</key>
		<dict>
			<key>isa</key>
			<string>PBXFileReference</string>
			<key>lastKnownFileType</key>
			<string>sourcecode.c.objc</string>
			<key>path</key>
			<string>ViewController.m</string>
			<key>sourceTree</key>
			<string>&lt;group&gt;</string>
		</dict>
		<key>040CAC851D3C7AF9008C125B</key>
		<dict>
			<key>fileRef</key>
			<string>040CAC841D3C7AF9008C125B</string>
			<key>isa</key>
			<string>PBXBuildFile</string>
		</dict>
		<key>040CAC861D3C7AF9008C125B</key>
		<dict>
			<key>children</key>
			<array>
				<string>040CAC871D3C7AF9008C125B</string>
			</array>
			<key>isa</key>
			<string>PBXVariantGroup</string>
			<key>name</key>
			<string>Main.storyboard</string>
			<key>sourceTree</key>
			<string>&lt;group&gt;</string>
		</dict>
		<key>040CAC871D3C7AF9008C125B</key>
		<dict>
			<key>isa</key>
			<string>PBXFileReference</string>
			<key>lastKnownFileType</key>
			<string>file.storyboard</string>
			<key>name</key>
			<string>Base</string>
			<key>path</key>
			<string>Base.lproj/Main.storyboard</string>
			<key>sourceTree</key>
			<string>&lt;group&gt;</string>
		</dict>
		<key>040CAC881D3C7AF9008C125B</key>
		<dict>
			<key>fileRef</key>
			<string>040CAC861D3C7AF9008C125B</string>
			<key>isa</key>
			<string>PBXBuildFile</string>
		</dict>
		<key>040CAC891D3C7AF9008C125B</key>
		<dict>
			<key>isa</key>
			<string>PBXFileReference</string>
			<key>lastKnownFileType</key>
			<string>folder.assetcatalog</string>
			<key>path</key>
			<string>Assets.xcassets</string>
			<key>sourceTree</key>
			<string>&lt;group&gt;</string>
		</dict>
		<key>040CAC8A1D3C7AF9008C125B</key>
		<dict>
			<key>fileRef</key>
			<string>040CAC891D3C7AF9008C125B</string>
			<key>isa</key>
			<string>PBXBuildFile</string>
		</dict>
		<key>040CAC8B1D3C7AF9008C125B</key>
		<dict>
			<key>children</key>
			<array>
				<string>040CAC8C1D3C7AF9008C125B</string>
			</array>
			<key>isa</key>
			<string>PBXVariantGroup</string>
			<key>name</key>
			<string>LaunchScreen.storyboard</string>
			<key>sourceTree</key>
			<string>&lt;group&gt;</string>
		</dict>
		<key>040CAC8C1D3C7AF9008C125B</key>
		<dict>
			<key>isa</key>
			<string>PBXFileReference</string>
			<key>lastKnownFileType</key>
			<string>file.storyboard</string>
			<key>name</key>
			<string>Base</string>
			<key>path</key>
			<string>Base.lproj/LaunchScreen.storyboard</string>
			<key>sourceTree</key>
			<string>&lt;group&gt;</string>
		</dict>
		<key>040CAC8D1D3C7AF9008C125B</key>
		<dict>
			<key>fileRef</key>
			<string>040CAC8B1D3C7AF9008C125B</string>
			<key>isa</key>
			<string>PBXBuildFile</string>
		</dict>
		<key>040CAC8E1D3C7AF9008C125B</key>
		<dict>
			<key>isa</key>
			<string>PBXFileReference</string>
			<key>lastKnownFileType</key>
			<string>text.plist.xml</string>
			<key>path</key>
			<string>Info.plist</string>
			<key>sourceTree</key>
			<string>&lt;group&gt;</string>
		</dict>
		<key>040CAC8F1D3C7AF9008C125B</key>
		<dict>
			<key>buildActionMask</key>
			<string>2147483647</string>
			<key>files</key>
			<array>
				<string>040CAC981D3C7AF9008C125B</string>
			</array>
			<key>isa</key>
			<string>PBXSourcesBuildPhase</string>
			<key>runOnlyForDeploymentPostprocessing</key>
			<string>0</string>
		</dict>
		<key>040CAC901D3C7AF9008C125B</key>
		<dict>
			<key>buildActionMask</key>
			<string>2147483647</string>
			<key>files</key>
			<array/>
			<key>isa</key>
			<string>PBXFrameworksBuildPhase</string>
			<key>runOnlyForDeploymentPostprocessing</key>
			<string>0</string>
		</dict>
		<key>040CAC911D3C7AF9008C125B</key>
		<dict>
			<key>buildActionMask</key>
			<string>2147483647</string>
			<key>files</key>
			<array/>
			<key>isa</key>
			<string>PBXResourcesBuildPhase</string>
			<key>runOnlyForDeploymentPostprocessing</key>
			<string>0</string>
		</dict>
		<key>040CAC921D3C7AF9008C125B</key>
		<dict>
			<key>buildConfigurationList</key>
			<string>040CACAA1D3C7AF9008C125B</string>
			<key>buildPhases</key>
			<array>
				<string>040CAC8F1D3C7AF9008C125B</string>
				<string>040CAC901D3C7AF9008C125B</string>
				<string>040CAC911D3C7AF9008C125B</string>
			</array>
			<key>buildRules</key>
			<array/>
			<key>dependencies</key>
			<array>
				<string>040CAC951D3C7AF9008C125B</string>
			</array>
			<key>isa</key>
			<string>PBXNativeTarget</string>
			<key>name</key>
			<string>XMPhotoBrowserTests</string>
			<key>productName</key>
			<string>XMPhotoBrowserTests</string>
			<key>productReference</key>
			<string>040CAC931D3C7AF9008C125B</string>
			<key>productType</key>
			<string>com.apple.product-type.bundle.unit-test</string>
		</dict>
		<key>040CAC931D3C7AF9008C125B</key>
		<dict>
			<key>explicitFileType</key>
			<string>wrapper.cfbundle</string>
			<key>includeInIndex</key>
			<string>0</string>
			<key>isa</key>
			<string>PBXFileReference</string>
			<key>path</key>
			<string>XMPhotoBrowserTests.xctest</string>
			<key>sourceTree</key>
			<string>BUILT_PRODUCTS_DIR</string>
		</dict>
		<key>040CAC941D3C7AF9008C125B</key>
		<dict>
			<key>containerPortal</key>
			<string>040CAC721D3C7AF9008C125B</string>
			<key>isa</key>
			<string>PBXContainerItemProxy</string>
			<key>proxyType</key>
			<string>1</string>
			<key>remoteGlobalIDString</key>
			<string>040CAC791D3C7AF9008C125B</string>
			<key>remoteInfo</key>
			<string>XMPhotoBrowser</string>
		</dict>
		<key>040CAC951D3C7AF9008C125B</key>
		<dict>
			<key>isa</key>
			<string>PBXTargetDependency</string>
			<key>target</key>
			<string>040CAC791D3C7AF9008C125B</string>
			<key>targetProxy</key>
			<string>040CAC941D3C7AF9008C125B</string>
		</dict>
		<key>040CAC961D3C7AF9008C125B</key>
		<dict>
			<key>children</key>
			<array>
				<string>040CAC971D3C7AF9008C125B</string>
				<string>040CAC991D3C7AF9008C125B</string>
			</array>
			<key>isa</key>
			<string>PBXGroup</string>
			<key>path</key>
			<string>XMPhotoBrowserTests</string>
			<key>sourceTree</key>
			<string>&lt;group&gt;</string>
		</dict>
		<key>040CAC971D3C7AF9008C125B</key>
		<dict>
			<key>isa</key>
			<string>PBXFileReference</string>
			<key>lastKnownFileType</key>
			<string>sourcecode.c.objc</string>
			<key>path</key>
			<string>XMPhotoBrowserTests.m</string>
			<key>sourceTree</key>
			<string>&lt;group&gt;</string>
		</dict>
		<key>040CAC981D3C7AF9008C125B</key>
		<dict>
			<key>fileRef</key>
			<string>040CAC971D3C7AF9008C125B</string>
			<key>isa</key>
			<string>PBXBuildFile</string>
		</dict>
		<key>040CAC991D3C7AF9008C125B</key>
		<dict>
			<key>isa</key>
			<string>PBXFileReference</string>
			<key>lastKnownFileType</key>
			<string>text.plist.xml</string>
			<key>path</key>
			<string>Info.plist</string>
			<key>sourceTree</key>
			<string>&lt;group&gt;</string>
		</dict>
		<key>040CAC9A1D3C7AF9008C125B</key>
		<dict>
			<key>buildActionMask</key>
			<string>2147483647</string>
			<key>files</key>
			<array>
				<string>040CACA31D3C7AF9008C125B</string>
			</array>
			<key>isa</key>
			<string>PBXSourcesBuildPhase</string>
			<key>runOnlyForDeploymentPostprocessing</key>
			<string>0</string>
		</dict>
		<key>040CAC9B1D3C7AF9008C125B</key>
		<dict>
			<key>buildActionMask</key>
			<string>2147483647</string>
			<key>files</key>
			<array/>
			<key>isa</key>
			<string>PBXFrameworksBuildPhase</string>
			<key>runOnlyForDeploymentPostprocessing</key>
			<string>0</string>
		</dict>
		<key>040CAC9C1D3C7AF9008C125B</key>
		<dict>
			<key>buildActionMask</key>
			<string>2147483647</string>
			<key>files</key>
			<array/>
			<key>isa</key>
			<string>PBXResourcesBuildPhase</string>
			<key>runOnlyForDeploymentPostprocessing</key>
			<string>0</string>
		</dict>
		<key>040CAC9D1D3C7AF9008C125B</key>
		<dict>
			<key>buildConfigurationList</key>
			<string>040CACAD1D3C7AF9008C125B</string>
			<key>buildPhases</key>
			<array>
				<string>040CAC9A1D3C7AF9008C125B</string>
				<string>040CAC9B1D3C7AF9008C125B</string>
				<string>040CAC9C1D3C7AF9008C125B</string>
			</array>
			<key>buildRules</key>
			<array/>
			<key>dependencies</key>
			<array>
				<string>040CACA01D3C7AF9008C125B</string>
			</array>
			<key>isa</key>
			<string>PBXNativeTarget</string>
			<key>name</key>
			<string>XMPhotoBrowserUITests</string>
			<key>productName</key>
			<string>XMPhotoBrowserUITests</string>
			<key>productReference</key>
			<string>040CAC9E1D3C7AF9008C125B</string>
			<key>productType</key>
			<string>com.apple.product-type.bundle.ui-testing</string>
		</dict>
		<key>040CAC9E1D3C7AF9008C125B</key>
		<dict>
			<key>explicitFileType</key>
			<string>wrapper.cfbundle</string>
			<key>includeInIndex</key>
			<string>0</string>
			<key>isa</key>
			<string>PBXFileReference</string>
			<key>path</key>
			<string>XMPhotoBrowserUITests.xctest</string>
			<key>sourceTree</key>
			<string>BUILT_PRODUCTS_DIR</string>
		</dict>
		<key>040CAC9F1D3C7AF9008C125B</key>
		<dict>
			<key>containerPortal</key>
			<string>040CAC721D3C7AF9008C125B</string>
			<key>isa</key>
			<string>PBXContainerItemProxy</string>
			<key>proxyType</key>
			<string>1</string>
			<key>remoteGlobalIDString</key>
			<string>040CAC791D3C7AF9008C125B</string>
			<key>remoteInfo</key>
			<string>XMPhotoBrowser</string>
		</dict>
		<key>040CACA01D3C7AF9008C125B</key>
		<dict>
			<key>isa</key>
			<string>PBXTargetDependency</string>
			<key>target</key>
			<string>040CAC791D3C7AF9008C125B</string>
			<key>targetProxy</key>
			<string>040CAC9F1D3C7AF9008C125B</string>
		</dict>
		<key>040CACA11D3C7AF9008C125B</key>
		<dict>
			<key>children</key>
			<array>
				<string>040CACA21D3C7AF9008C125B</string>
				<string>040CACA41D3C7AF9008C125B</string>
			</array>
			<key>isa</key>
			<string>PBXGroup</string>
			<key>path</key>
			<string>XMPhotoBrowserUITests</string>
			<key>sourceTree</key>
			<string>&lt;group&gt;</string>
		</dict>
		<key>040CACA21D3C7AF9008C125B</key>
		<dict>
			<key>isa</key>
			<string>PBXFileReference</string>
			<key>lastKnownFileType</key>
			<string>sourcecode.c.objc</string>
			<key>path</key>
			<string>XMPhotoBrowserUITests.m</string>
			<key>sourceTree</key>
			<string>&lt;group&gt;</string>
		</dict>
		<key>040CACA31D3C7AF9008C125B</key>
		<dict>
			<key>fileRef</key>
			<string>040CACA21D3C7AF9008C125B</string>
			<key>isa</key>
			<string>PBXBuildFile</string>
		</dict>
		<key>040CACA41D3C7AF9008C125B</key>
		<dict>
			<key>isa</key>
			<string>PBXFileReference</string>
			<key>lastKnownFileType</key>
			<string>text.plist.xml</string>
			<key>path</key>
			<string>Info.plist</string>
			<key>sourceTree</key>
			<string>&lt;group&gt;</string>
		</dict>
		<key>040CACA51D3C7AF9008C125B</key>
		<dict>
			<key>buildSettings</key>
			<dict>
				<key>ALWAYS_SEARCH_USER_PATHS</key>
				<string>NO</string>
				<key>CLANG_ANALYZER_NONNULL</key>
				<string>YES</string>
				<key>CLANG_CXX_LANGUAGE_STANDARD</key>
				<string>gnu++0x</string>
				<key>CLANG_CXX_LIBRARY</key>
				<string>libc++</string>
				<key>CLANG_ENABLE_MODULES</key>
				<string>YES</string>
				<key>CLANG_ENABLE_OBJC_ARC</key>
				<string>YES</string>
				<key>CLANG_WARN_BOOL_CONVERSION</key>
				<string>YES</string>
				<key>CLANG_WARN_CONSTANT_CONVERSION</key>
				<string>YES</string>
				<key>CLANG_WARN_DIRECT_OBJC_ISA_USAGE</key>
				<string>YES_ERROR</string>
				<key>CLANG_WARN_EMPTY_BODY</key>
				<string>YES</string>
				<key>CLANG_WARN_ENUM_CONVERSION</key>
				<string>YES</string>
				<key>CLANG_WARN_INT_CONVERSION</key>
				<string>YES</string>
				<key>CLANG_WARN_OBJC_ROOT_CLASS</key>
				<string>YES_ERROR</string>
				<key>CLANG_WARN_UNREACHABLE_CODE</key>
				<string>YES</string>
				<key>CLANG_WARN__DUPLICATE_METHOD_MATCH</key>
				<string>YES</string>
				<key>CODE_SIGN_IDENTITY[sdk=iphoneos*]</key>
				<string>iPhone Developer</string>
				<key>COPY_PHASE_STRIP</key>
				<string>NO</string>
				<key>DEBUG_INFORMATION_FORMAT</key>
				<string>dwarf</string>
				<key>ENABLE_STRICT_OBJC_MSGSEND</key>
				<string>YES</string>
				<key>ENABLE_TESTABILITY</key>
				<string>YES</string>
				<key>GCC_C_LANGUAGE_STANDARD</key>
				<string>gnu99</string>
				<key>GCC_DYNAMIC_NO_PIC</key>
				<string>NO</string>
				<key>GCC_NO_COMMON_BLOCKS</key>
				<string>YES</string>
				<key>GCC_OPTIMIZATION_LEVEL</key>
				<string>0</string>
				<key>GCC_PREPROCESSOR_DEFINITIONS</key>
				<array>
					<string>DEBUG=1</string>
					<string>$(inherited)</string>
				</array>
				<key>GCC_WARN_64_TO_32_BIT_CONVERSION</key>
				<string>YES</string>
				<key>GCC_WARN_ABOUT_RETURN_TYPE</key>
				<string>YES_ERROR</string>
				<key>GCC_WARN_UNDECLARED_SELECTOR</key>
				<string>YES</string>
				<key>GCC_WARN_UNINITIALIZED_AUTOS</key>
				<string>YES_AGGRESSIVE</string>
				<key>GCC_WARN_UNUSED_FUNCTION</key>
				<string>YES</string>
				<key>GCC_WARN_UNUSED_VARIABLE</key>
				<string>YES</string>
				<key>IPHONEOS_DEPLOYMENT_TARGET</key>
				<string>9.3</string>
				<key>MTL_ENABLE_DEBUG_INFO</key>
				<string>YES</string>
				<key>ONLY_ACTIVE_ARCH</key>
				<string>YES</string>
				<key>SDKROOT</key>
				<string>iphoneos</string>
			</dict>
			<key>isa</key>
			<string>XCBuildConfiguration</string>
			<key>name</key>
			<string>Debug</string>
		</dict>
		<key>040CACA61D3C7AF9008C125B</key>
		<dict>
			<key>buildSettings</key>
			<dict>
				<key>ALWAYS_SEARCH_USER_PATHS</key>
				<string>NO</string>
				<key>CLANG_ANALYZER_NONNULL</key>
				<string>YES</string>
				<key>CLANG_CXX_LANGUAGE_STANDARD</key>
				<string>gnu++0x</string>
				<key>CLANG_CXX_LIBRARY</key>
				<string>libc++</string>
				<key>CLANG_ENABLE_MODULES</key>
				<string>YES</string>
				<key>CLANG_ENABLE_OBJC_ARC</key>
				<string>YES</string>
				<key>CLANG_WARN_BOOL_CONVERSION</key>
				<string>YES</string>
				<key>CLANG_WARN_CONSTANT_CONVERSION</key>
				<string>YES</string>
				<key>CLANG_WARN_DIRECT_OBJC_ISA_USAGE</key>
				<string>YES_ERROR</string>
				<key>CLANG_WARN_EMPTY_BODY</key>
				<string>YES</string>
				<key>CLANG_WARN_ENUM_CONVERSION</key>
				<string>YES</string>
				<key>CLANG_WARN_INT_CONVERSION</key>
				<string>YES</string>
				<key>CLANG_WARN_OBJC_ROOT_CLASS</key>
				<string>YES_ERROR</string>
				<key>CLANG_WARN_UNREACHABLE_CODE</key>
				<string>YES</string>
				<key>CLANG_WARN__DUPLICATE_METHOD_MATCH</key>
				<string>YES</string>
				<key>CODE_SIGN_IDENTITY[sdk=iphoneos*]</key>
				<string>iPhone Developer</string>
				<key>COPY_PHASE_STRIP</key>
				<string>NO</string>
				<key>DEBUG_INFORMATION_FORMAT</key>
				<string>dwarf-with-dsym</string>
				<key>ENABLE_NS_ASSERTIONS</key>
				<string>NO</string>
				<key>ENABLE_STRICT_OBJC_MSGSEND</key>
				<string>YES</string>
				<key>GCC_C_LANGUAGE_STANDARD</key>
				<string>gnu99</string>
				<key>GCC_NO_COMMON_BLOCKS</key>
				<string>YES</string>
				<key>GCC_WARN_64_TO_32_BIT_CONVERSION</key>
				<string>YES</string>
				<key>GCC_WARN_ABOUT_RETURN_TYPE</key>
				<string>YES_ERROR</string>
				<key>GCC_WARN_UNDECLARED_SELECTOR</key>
				<string>YES</string>
				<key>GCC_WARN_UNINITIALIZED_AUTOS</key>
				<string>YES_AGGRESSIVE</string>
				<key>GCC_WARN_UNUSED_FUNCTION</key>
				<string>YES</string>
				<key>GCC_WARN_UNUSED_VARIABLE</key>
				<string>YES</string>
				<key>IPHONEOS_DEPLOYMENT_TARGET</key>
				<string>9.3</string>
				<key>MTL_ENABLE_DEBUG_INFO</key>
				<string>NO</string>
				<key>SDKROOT</key>
				<string>iphoneos</string>
				<key>VALIDATE_PRODUCT</key>
				<string>YES</string>
			</dict>
			<key>isa</key>
			<string>XCBuildConfiguration</string>
			<key>name</key>
			<string>Release</string>
		</dict>
		<key>040CACA71D3C7AF9008C125B</key>
		<dict>
			<key>buildConfigurations</key>
			<array>
				<string>040CACA81D3C7AF9008C125B</string>
				<string>040CACA91D3C7AF9008C125B</string>
			</array>
			<key>defaultConfigurationIsVisible</key>
			<string>0</string>
			<key>defaultConfigurationName</key>
			<string>Release</string>
			<key>isa</key>
			<string>XCConfigurationList</string>
		</dict>
		<key>040CACA81D3C7AF9008C125B</key>
		<dict>
			<key>baseConfigurationReference</key>
			<string>672AA8232DF4E3131792F29E</string>
			<key>buildSettings</key>
			<dict>
				<key>ASSETCATALOG_COMPILER_APPICON_NAME</key>
				<string>AppIcon</string>
				<key>INFOPLIST_FILE</key>
				<string>XMPhotoBrowser/Info.plist</string>
				<key>IPHONEOS_DEPLOYMENT_TARGET</key>
				<string>8.0</string>
				<key>LD_RUNPATH_SEARCH_PATHS</key>
				<string>$(inherited) @executable_path/Frameworks</string>
				<key>PRODUCT_BUNDLE_IDENTIFIER</key>
				<string>cc.imeetu.test</string>
				<key>PRODUCT_NAME</key>
				<string>$(TARGET_NAME)</string>
			</dict>
			<key>isa</key>
			<string>XCBuildConfiguration</string>
			<key>name</key>
			<string>Debug</string>
		</dict>
		<key>040CACA91D3C7AF9008C125B</key>
		<dict>
			<key>baseConfigurationReference</key>
			<string>6C2ABB91C4F038FA8B7A35F9</string>
			<key>buildSettings</key>
			<dict>
				<key>ASSETCATALOG_COMPILER_APPICON_NAME</key>
				<string>AppIcon</string>
				<key>INFOPLIST_FILE</key>
				<string>XMPhotoBrowser/Info.plist</string>
				<key>IPHONEOS_DEPLOYMENT_TARGET</key>
				<string>8.0</string>
				<key>LD_RUNPATH_SEARCH_PATHS</key>
				<string>$(inherited) @executable_path/Frameworks</string>
				<key>PRODUCT_BUNDLE_IDENTIFIER</key>
				<string>cc.imeetu.test</string>
				<key>PRODUCT_NAME</key>
				<string>$(TARGET_NAME)</string>
			</dict>
			<key>isa</key>
			<string>XCBuildConfiguration</string>
			<key>name</key>
			<string>Release</string>
		</dict>
		<key>040CACAA1D3C7AF9008C125B</key>
		<dict>
			<key>buildConfigurations</key>
			<array>
				<string>040CACAB1D3C7AF9008C125B</string>
				<string>040CACAC1D3C7AF9008C125B</string>
			</array>
			<key>defaultConfigurationIsVisible</key>
			<string>0</string>
			<key>defaultConfigurationName</key>
			<string>Release</string>
			<key>isa</key>
			<string>XCConfigurationList</string>
		</dict>
		<key>040CACAB1D3C7AF9008C125B</key>
		<dict>
			<key>buildSettings</key>
			<dict>
				<key>BUNDLE_LOADER</key>
				<string>$(TEST_HOST)</string>
				<key>INFOPLIST_FILE</key>
				<string>XMPhotoBrowserTests/Info.plist</string>
				<key>LD_RUNPATH_SEARCH_PATHS</key>
				<string>$(inherited) @executable_path/Frameworks @loader_path/Frameworks</string>
				<key>PRODUCT_BUNDLE_IDENTIFIER</key>
				<string>com.imeetu.XMPhotoBrowserTests</string>
				<key>PRODUCT_NAME</key>
				<string>$(TARGET_NAME)</string>
				<key>TEST_HOST</key>
				<string>$(BUILT_PRODUCTS_DIR)/XMPhotoBrowser.app/XMPhotoBrowser</string>
			</dict>
			<key>isa</key>
			<string>XCBuildConfiguration</string>
			<key>name</key>
			<string>Debug</string>
		</dict>
		<key>040CACAC1D3C7AF9008C125B</key>
		<dict>
			<key>buildSettings</key>
			<dict>
				<key>BUNDLE_LOADER</key>
				<string>$(TEST_HOST)</string>
				<key>INFOPLIST_FILE</key>
				<string>XMPhotoBrowserTests/Info.plist</string>
				<key>LD_RUNPATH_SEARCH_PATHS</key>
				<string>$(inherited) @executable_path/Frameworks @loader_path/Frameworks</string>
				<key>PRODUCT_BUNDLE_IDENTIFIER</key>
				<string>com.imeetu.XMPhotoBrowserTests</string>
				<key>PRODUCT_NAME</key>
				<string>$(TARGET_NAME)</string>
				<key>TEST_HOST</key>
				<string>$(BUILT_PRODUCTS_DIR)/XMPhotoBrowser.app/XMPhotoBrowser</string>
			</dict>
			<key>isa</key>
			<string>XCBuildConfiguration</string>
			<key>name</key>
			<string>Release</string>
		</dict>
		<key>040CACAD1D3C7AF9008C125B</key>
		<dict>
			<key>buildConfigurations</key>
			<array>
				<string>040CACAE1D3C7AF9008C125B</string>
				<string>040CACAF1D3C7AF9008C125B</string>
			</array>
			<key>defaultConfigurationIsVisible</key>
			<string>0</string>
			<key>defaultConfigurationName</key>
			<string>Release</string>
			<key>isa</key>
			<string>XCConfigurationList</string>
		</dict>
		<key>040CACAE1D3C7AF9008C125B</key>
		<dict>
			<key>buildSettings</key>
			<dict>
				<key>INFOPLIST_FILE</key>
				<string>XMPhotoBrowserUITests/Info.plist</string>
				<key>LD_RUNPATH_SEARCH_PATHS</key>
				<string>$(inherited) @executable_path/Frameworks @loader_path/Frameworks</string>
				<key>PRODUCT_BUNDLE_IDENTIFIER</key>
				<string>com.imeetu.XMPhotoBrowserUITests</string>
				<key>PRODUCT_NAME</key>
				<string>$(TARGET_NAME)</string>
				<key>TEST_TARGET_NAME</key>
				<string>XMPhotoBrowser</string>
			</dict>
			<key>isa</key>
			<string>XCBuildConfiguration</string>
			<key>name</key>
			<string>Debug</string>
		</dict>
		<key>040CACAF1D3C7AF9008C125B</key>
		<dict>
			<key>buildSettings</key>
			<dict>
				<key>INFOPLIST_FILE</key>
				<string>XMPhotoBrowserUITests/Info.plist</string>
				<key>LD_RUNPATH_SEARCH_PATHS</key>
				<string>$(inherited) @executable_path/Frameworks @loader_path/Frameworks</string>
				<key>PRODUCT_BUNDLE_IDENTIFIER</key>
				<string>com.imeetu.XMPhotoBrowserUITests</string>
				<key>PRODUCT_NAME</key>
				<string>$(TARGET_NAME)</string>
				<key>TEST_TARGET_NAME</key>
				<string>XMPhotoBrowser</string>
			</dict>
			<key>isa</key>
			<string>XCBuildConfiguration</string>
			<key>name</key>
			<string>Release</string>
		</dict>
		<key>040CACB01D3C7B21008C125B</key>
		<dict>
			<key>children</key>
			<array>
				<string>040CACB11D3C7BA5008C125B</string>
				<string>040CACB21D3C7BA5008C125B</string>
				<string>040CACB31D3C7BA5008C125B</string>
				<string>040CACB41D3C7BA5008C125B</string>
				<string>040CACB51D3C7BA5008C125B</string>
				<string>040CACB61D3C7BA5008C125B</string>
				<string>040CACB71D3C7BA5008C125B</string>
				<string>040CACB81D3C7BA5008C125B</string>
				<string>040CACB91D3C7BA5008C125B</string>
				<string>040CACBA1D3C7BA5008C125B</string>
				<string>040CACCC1D3D4889008C125B</string>
				<string>040CACCD1D3D4889008C125B</string>
			</array>
			<key>isa</key>
			<string>PBXGroup</string>
			<key>path</key>
			<string>xmphotobrowser</string>
			<key>sourceTree</key>
			<string>&lt;group&gt;</string>
		</dict>
		<key>040CACB11D3C7BA5008C125B</key>
		<dict>
			<key>fileEncoding</key>
			<string>4</string>
			<key>isa</key>
			<string>PBXFileReference</string>
			<key>lastKnownFileType</key>
			<string>sourcecode.c.h</string>
			<key>path</key>
			<string>XMPhotoBrowserCell.h</string>
			<key>sourceTree</key>
			<string>&lt;group&gt;</string>
		</dict>
		<key>040CACB21D3C7BA5008C125B</key>
		<dict>
			<key>fileEncoding</key>
			<string>4</string>
			<key>isa</key>
			<string>PBXFileReference</string>
			<key>lastKnownFileType</key>
			<string>sourcecode.c.objc</string>
			<key>path</key>
			<string>XMPhotoBrowserCell.m</string>
			<key>sourceTree</key>
			<string>&lt;group&gt;</string>
		</dict>
		<key>040CACB31D3C7BA5008C125B</key>
		<dict>
			<key>fileEncoding</key>
			<string>4</string>
			<key>isa</key>
			<string>PBXFileReference</string>
			<key>lastKnownFileType</key>
			<string>sourcecode.c.h</string>
			<key>path</key>
			<string>XMPhotoBrowserController.h</string>
			<key>sourceTree</key>
			<string>&lt;group&gt;</string>
		</dict>
		<key>040CACB41D3C7BA5008C125B</key>
		<dict>
			<key>fileEncoding</key>
			<string>4</string>
			<key>isa</key>
			<string>PBXFileReference</string>
			<key>lastKnownFileType</key>
			<string>sourcecode.c.objc</string>
			<key>path</key>
			<string>XMPhotoBrowserController.m</string>
			<key>sourceTree</key>
			<string>&lt;group&gt;</string>
		</dict>
		<key>040CACB51D3C7BA5008C125B</key>
		<dict>
			<key>fileEncoding</key>
			<string>4</string>
			<key>isa</key>
			<string>PBXFileReference</string>
			<key>lastKnownFileType</key>
			<string>sourcecode.c.h</string>
			<key>path</key>
			<string>XMPhotoBrowserMaskViewBottom.h</string>
			<key>sourceTree</key>
			<string>&lt;group&gt;</string>
		</dict>
		<key>040CACB61D3C7BA5008C125B</key>
		<dict>
			<key>fileEncoding</key>
			<string>4</string>
			<key>isa</key>
			<string>PBXFileReference</string>
			<key>lastKnownFileType</key>
			<string>sourcecode.c.objc</string>
			<key>path</key>
			<string>XMPhotoBrowserMaskViewBottom.m</string>
			<key>sourceTree</key>
			<string>&lt;group&gt;</string>
		</dict>
		<key>040CACB71D3C7BA5008C125B</key>
		<dict>
			<key>fileEncoding</key>
			<string>4</string>
			<key>isa</key>
			<string>PBXFileReference</string>
			<key>lastKnownFileType</key>
			<string>sourcecode.c.h</string>
			<key>path</key>
			<string>XMPhotoBrowserMaskViewCenter.h</string>
			<key>sourceTree</key>
			<string>&lt;group&gt;</string>
		</dict>
		<key>040CACB81D3C7BA5008C125B</key>
		<dict>
			<key>fileEncoding</key>
			<string>4</string>
			<key>isa</key>
			<string>PBXFileReference</string>
			<key>lastKnownFileType</key>
			<string>sourcecode.c.objc</string>
			<key>path</key>
			<string>XMPhotoBrowserMaskViewCenter.m</string>
			<key>sourceTree</key>
			<string>&lt;group&gt;</string>
		</dict>
		<key>040CACB91D3C7BA5008C125B</key>
		<dict>
			<key>fileEncoding</key>
			<string>4</string>
			<key>isa</key>
			<string>PBXFileReference</string>
			<key>lastKnownFileType</key>
			<string>sourcecode.c.h</string>
			<key>path</key>
			<string>XMPhotoBrowserMaskViewTop.h</string>
			<key>sourceTree</key>
			<string>&lt;group&gt;</string>
		</dict>
		<key>040CACBA1D3C7BA5008C125B</key>
		<dict>
			<key>fileEncoding</key>
			<string>4</string>
			<key>isa</key>
			<string>PBXFileReference</string>
			<key>lastKnownFileType</key>
			<string>sourcecode.c.objc</string>
			<key>path</key>
			<string>XMPhotoBrowserMaskViewTop.m</string>
			<key>sourceTree</key>
			<string>&lt;group&gt;</string>
		</dict>
		<key>040CACBB1D3C7BA5008C125B</key>
		<dict>
			<key>fileRef</key>
			<string>040CACB21D3C7BA5008C125B</string>
			<key>isa</key>
			<string>PBXBuildFile</string>
		</dict>
		<key>040CACBC1D3C7BA5008C125B</key>
		<dict>
			<key>fileRef</key>
			<string>040CACB41D3C7BA5008C125B</string>
			<key>isa</key>
			<string>PBXBuildFile</string>
		</dict>
		<key>040CACBD1D3C7BA5008C125B</key>
		<dict>
			<key>fileRef</key>
			<string>040CACB61D3C7BA5008C125B</string>
			<key>isa</key>
			<string>PBXBuildFile</string>
		</dict>
		<key>040CACBE1D3C7BA5008C125B</key>
		<dict>
			<key>fileRef</key>
			<string>040CACB81D3C7BA5008C125B</string>
			<key>isa</key>
			<string>PBXBuildFile</string>
		</dict>
		<key>040CACBF1D3C7BA5008C125B</key>
		<dict>
			<key>fileRef</key>
			<string>040CACBA1D3C7BA5008C125B</string>
			<key>isa</key>
			<string>PBXBuildFile</string>
		</dict>
		<key>040CACCC1D3D4889008C125B</key>
		<dict>
			<key>fileEncoding</key>
			<string>4</string>
			<key>isa</key>
			<string>PBXFileReference</string>
			<key>lastKnownFileType</key>
			<string>sourcecode.c.h</string>
			<key>path</key>
			<string>XMCurveProgressView.h</string>
			<key>sourceTree</key>
			<string>&lt;group&gt;</string>
		</dict>
		<key>040CACCD1D3D4889008C125B</key>
		<dict>
			<key>fileEncoding</key>
			<string>4</string>
			<key>isa</key>
			<string>PBXFileReference</string>
			<key>lastKnownFileType</key>
			<string>sourcecode.c.objc</string>
			<key>path</key>
			<string>XMCurveProgressView.m</string>
			<key>sourceTree</key>
			<string>&lt;group&gt;</string>
		</dict>
		<key>040CACCE1D3D4889008C125B</key>
		<dict>
			<key>fileRef</key>
			<string>040CACCD1D3D4889008C125B</string>
			<key>isa</key>
			<string>PBXBuildFile</string>
		</dict>
		<key>3F2DC9FFF472F92D1B7ADD71</key>
		<dict>
			<key>children</key>
			<array>
				<string>672AA8232DF4E3131792F29E</string>
				<string>6C2ABB91C4F038FA8B7A35F9</string>
			</array>
			<key>isa</key>
			<string>PBXGroup</string>
			<key>name</key>
			<string>Pods</string>
			<key>sourceTree</key>
			<string>&lt;group&gt;</string>
		</dict>
		<key>672AA8232DF4E3131792F29E</key>
		<dict>
			<key>includeInIndex</key>
			<string>1</string>
			<key>isa</key>
			<string>PBXFileReference</string>
			<key>lastKnownFileType</key>
			<string>text.xcconfig</string>
			<key>name</key>
			<string>Pods.debug.xcconfig</string>
			<key>path</key>
			<string>Pods/Target Support Files/Pods/Pods.debug.xcconfig</string>
			<key>sourceTree</key>
			<string>&lt;group&gt;</string>
		</dict>
		<key>6B576FB55614F5D58CF66136</key>
		<dict>
			<key>buildActionMask</key>
			<string>2147483647</string>
			<key>files</key>
			<array/>
			<key>inputPaths</key>
			<array/>
			<key>isa</key>
			<string>PBXShellScriptBuildPhase</string>
			<key>name</key>
			<string>Embed Pods Frameworks</string>
			<key>outputPaths</key>
			<array/>
			<key>runOnlyForDeploymentPostprocessing</key>
			<string>0</string>
			<key>shellPath</key>
			<string>/bin/sh</string>
			<key>shellScript</key>
			<string>"${SRCROOT}/Pods/Target Support Files/Pods/Pods-frameworks.sh"
</string>
			<key>showEnvVarsInLog</key>
			<string>0</string>
		</dict>
		<key>6C2ABB91C4F038FA8B7A35F9</key>
		<dict>
			<key>includeInIndex</key>
			<string>1</string>
			<key>isa</key>
			<string>PBXFileReference</string>
			<key>lastKnownFileType</key>
			<string>text.xcconfig</string>
			<key>name</key>
			<string>Pods.release.xcconfig</string>
			<key>path</key>
			<string>Pods/Target Support Files/Pods/Pods.release.xcconfig</string>
			<key>sourceTree</key>
			<string>&lt;group&gt;</string>
		</dict>
		<key>72757209CFFD42610CA99D85</key>
		<dict>
			<key>buildActionMask</key>
			<string>2147483647</string>
			<key>files</key>
			<array/>
			<key>inputPaths</key>
			<array/>
			<key>isa</key>
			<string>PBXShellScriptBuildPhase</string>
			<key>name</key>
			<string>Check Pods Manifest.lock</string>
			<key>outputPaths</key>
			<array/>
			<key>runOnlyForDeploymentPostprocessing</key>
			<string>0</string>
			<key>shellPath</key>
			<string>/bin/sh</string>
			<key>shellScript</key>
			<string>diff "${PODS_ROOT}/../Podfile.lock" "${PODS_ROOT}/Manifest.lock" &gt; /dev/null
if [[ $? != 0 ]] ; then
    cat &lt;&lt; EOM
error: The sandbox is not in sync with the Podfile.lock. Run 'pod install' or update your CocoaPods installation.
EOM
    exit 1
fi
</string>
			<key>showEnvVarsInLog</key>
			<string>0</string>
		</dict>
		<key>95FA0C7228DB883111ACC69E</key>
		<dict>
			<key>explicitFileType</key>
			<string>wrapper.framework</string>
			<key>includeInIndex</key>
			<string>0</string>
			<key>isa</key>
			<string>PBXFileReference</string>
			<key>path</key>
			<string>Pods.framework</string>
			<key>sourceTree</key>
			<string>BUILT_PRODUCTS_DIR</string>
		</dict>
		<key>BFFDD6BD206935139024D78D</key>
		<dict>
			<key>buildActionMask</key>
			<string>2147483647</string>
			<key>files</key>
			<array/>
			<key>inputPaths</key>
			<array/>
			<key>isa</key>
			<string>PBXShellScriptBuildPhase</string>
			<key>name</key>
			<string>Copy Pods Resources</string>
			<key>outputPaths</key>
			<array/>
			<key>runOnlyForDeploymentPostprocessing</key>
			<string>0</string>
			<key>shellPath</key>
			<string>/bin/sh</string>
			<key>shellScript</key>
			<string>"${SRCROOT}/Pods/Target Support Files/Pods/Pods-resources.sh"
</string>
			<key>showEnvVarsInLog</key>
			<string>0</string>
		</dict>
		<key>CFE4E2C8950E76AA03EF97A3</key>
		<dict>
			<key>fileRef</key>
			<string>95FA0C7228DB883111ACC69E</string>
			<key>isa</key>
			<string>PBXBuildFile</string>
		</dict>
		<key>E4867F97FD6AC42AC49FD16C</key>
		<dict>
			<key>children</key>
			<array>
				<string>95FA0C7228DB883111ACC69E</string>
			</array>
			<key>isa</key>
			<string>PBXGroup</string>
			<key>name</key>
			<string>Frameworks</string>
			<key>sourceTree</key>
			<string>&lt;group&gt;</string>
		</dict>
	</dict>
	<key>rootObject</key>
	<string>040CAC721D3C7AF9008C125B</string>
</dict>
</plist>
